
Microsoft Visual Studio Solution File, Format Version 12.00
# Visual Studio Version 16
VisualStudioVersion = 16.0.31005.135
MinimumVisualStudioVersion = 10.0.40219.1
Project("{FAE04EC0-301F-11D3-BF4B-00C04F79EFBC}") = "DNS_Selector", "DNS_Selector.csproj", "{7F41D495-1BA8-4FCD-8385-670A6294FC0A}"
EndProject
Global
	GlobalSection(SolutionConfigurationPlatforms) = preSolution
		Debug|Any CPU = Debug|Any CPU
		Release|Any CPU = Release|Any CPU
	EndGlobalSection
	GlobalSection(ProjectConfigurationPlatforms) = postSolution
		{7F41D495-1BA8-4FCD-8385-670A6294FC0A}.Debug|Any CPU.ActiveCfg = Debug|Any CPU
		{7F41D495-1BA8-4FCD-8385-670A6294FC0A}.Debug|Any CPU.Build.0 = Debug|Any CPU
		{7F41D495-1BA8-4FCD-8385-670A6294FC0A}.Release|Any CPU.ActiveCfg = Release|Any CPU
		{7F41D495-1BA8-4FCD-8385-670A6294FC0A}.Release|Any CPU.Build.0 = Release|Any CPU
	EndGlobalSection
	GlobalSection(SolutionProperties) = preSolution
		HideSolutionNode = FALSE
	EndGlobalSection
	GlobalSection(ExtensibilityGlobals) = postSolution
		SolutionGuid = {B34AFDE0-7DC7-4179-8631-26CF3F78E4CA}
	EndGlobalSection
EndGlobal
